%{
  "dialyxir": {:hex, :dialyxir, "1.1.0", "c5aab0d6e71e5522e77beff7ba9e08f8e02bad90dfbeffae60eaf0cb47e29488", [:mix], [{:erlex, ">= 0.2.6", [hex: :erlex, repo: "hexpm", optional: false]}], "hexpm", "07ea8e49c45f15264ebe6d5b93799d4dd56a44036cf42d0ad9c960bc266c0b9a"},
  "erlex": {:hex, :erlex, "0.2.6", "c7987d15e899c7a2f34f5420d2a2ea0d659682c06ac607572df55a43753aa12e", [:mix], [], "hexpm", "2ed2e25711feb44d52b17d2780eabf998452f6efda104877a3881c2f8c0c0c75"},
  "euclid": {:hex, :euclid, "0.2.5", "14061cb0b91ab73d2617fe2a503a8f5d52fe7d3650f8c9aa27e445e08ff3a6f0", [:mix], [], "hexpm", "7b6b76b463ed0d5f73c42a94e0de0ff17bd66350c6c77c4b93dc3a5b0c27f9e0"},
  "fast_ngram": {:hex, :fast_ngram, "1.2.0", "0652c25d3f66e69e6780121cf19200442fe70da689b39ccaa8998da6ee2f65cc", [:mix], [], "hexpm", "90c949c5b00314d8117a5bf2fbf6a05ef945ce4cad66a47bc26f8d9ec30dc1bd"},
  "floki": {:hex, :floki, "0.32.0", "f915dc15258bc997d49be1f5ef7d3992f8834d6f5695270acad17b41f5bcc8e2", [:mix], [{:html_entities, "~> 0.5.0", [hex: :html_entities, repo: "hexpm", optional: false]}], "hexpm", "1c5a91cae1fd8931c26a4826b5e2372c284813904c8bacb468b5de39c7ececbd"},
  "html_entities": {:hex, :html_entities, "0.5.2", "9e47e70598da7de2a9ff6af8758399251db6dbb7eebe2b013f2bbd2515895c3c", [:mix], [], "hexpm", "c53ba390403485615623b9531e97696f076ed415e8d8058b1dbaa28181f4fdcc"},
  "jason": {:hex, :jason, "1.3.0", "fa6b82a934feb176263ad2df0dbd91bf633d4a46ebfdffea0c8ae82953714946", [:mix], [{:decimal, "~> 1.0 or ~> 2.0", [hex: :decimal, repo: "hexpm", optional: true]}], "hexpm", "53fc1f51255390e0ec7e50f9cb41e751c260d065dcba2bf0d08dc51a4002c2ac"},
  "kino": {:hex, :kino, "0.6.1", "7c6bd60ec92180e7f48114078d75e1d502581e2860e93e73dd659828df9559ff", [:mix], [{:table, "~> 0.1.0", [hex: :table, repo: "hexpm", optional: false]}], "hexpm", "db9affe9f3ac8610f18d6d2e96b19fa63165cf4021809bda250e4889bad699ea"},
  "kino_vega_lite": {:hex, :kino_vega_lite, "0.1.1", "29438b43a3fd3e0f1c8560ed9f943fe593b293e710fc091c63d65b272dd6255f", [:mix], [{:kino, "~> 0.6.1", [hex: :kino, repo: "hexpm", optional: false]}, {:table, "~> 0.1.0", [hex: :table, repo: "hexpm", optional: false]}, {:vega_lite, "~> 0.1.4", [hex: :vega_lite, repo: "hexpm", optional: false]}], "hexpm", "7058ffd10379b4b33a2bbca0b4a3bd6a124ef45136df01d3ccfd4f82ab368473"},
  "similarity": {:hex, :similarity, "0.2.1", "9f46c27b43a79f0e8062db9accd8f01eb2eaf25bbea00ad9220f779b2a54796e", [:mix], [{:fast_ngram, "~> 1.0", [hex: :fast_ngram, repo: "hexpm", optional: false]}, {:siphash, "~> 3.0", [hex: :siphash, repo: "hexpm", optional: false]}], "hexpm", "2e1f14d91879fab67ba0b9c1dbf6246a8f7b8dddc272ce6707b5d34e340ee107"},
  "siphash": {:hex, :siphash, "3.2.0", "ec03fd4066259218c85e2a4b8eec4bb9663bc02b127ea8a0836db376ba73f2ed", [:make, :mix], [], "hexpm", "ba3810701c6e95637a745e186e8a4899087c3b079ba88fb8f33df054c3b0b7c3"},
  "statistex": {:hex, :statistex, "1.0.0", "f3dc93f3c0c6c92e5f291704cf62b99b553253d7969e9a5fa713e5481cd858a5", [:mix], [], "hexpm", "ff9d8bee7035028ab4742ff52fc80a2aa35cece833cf5319009b52f1b5a86c27"},
  "table": {:hex, :table, "0.1.1", "e8d3c75bb14b8dac227e17d85a626e695d96c271569e94e4a2d15494a7cb0b49", [:mix], [], "hexpm", "6a73280b2f5ad70474594feeb8c034ad490b97dbd5adaeb678f71c250cbc928c"},
  "uuid": {:hex, :uuid, "1.1.8", "e22fc04499de0de3ed1116b770c7737779f226ceefa0badb3592e64d5cfb4eb9", [:mix], [], "hexpm", "c790593b4c3b601f5dc2378baae7efaf5b3d73c4c6456ba85759905be792f2ac"},
  "vega_lite": {:hex, :vega_lite, "0.1.4", "97f3f59f1a8b65169aa7dd861b0e13d10fb73e18b1f8546b953c34a74cab33ef", [:mix], [{:table, "~> 0.1.0", [hex: :table, repo: "hexpm", optional: false]}], "hexpm", "b9d0ec3e978b9d1b1a37024e218391f9c1d5a90b783ed2ed988bf5a9b2fddefb"},
}
